
Microsoft Visual Studio Solution File, Format Version 12.00
# Visual Studio Version 16
VisualStudioVersion = 16.0.28531.58
MinimumVisualStudioVersion = 10.0.40219.1
Project("{FAE04EC0-301F-11D3-BF4B-00C04F79EFBC}") = "Problem57", "Problem57\Problem57.csproj", "{7895AAEB-D309-4278-9762-998E4C6E9AEA}"
EndProject
Global
	GlobalSection(SolutionConfigurationPlatforms) = preSolution
		Debug|Any CPU = Debug|Any CPU
		Release|Any CPU = Release|Any CPU
	EndGlobalSection
	GlobalSection(ProjectConfigurationPlatforms) = postSolution
		{7895AAEB-D309-4278-9762-998E4C6E9AEA}.Debug|Any CPU.ActiveCfg = Debug|Any CPU
		{7895AAEB-D309-4278-9762-998E4C6E9AEA}.Debug|Any CPU.Build.0 = Debug|Any CPU
		{7895AAEB-D309-4278-9762-998E4C6E9AEA}.Release|Any CPU.ActiveCfg = Release|Any CPU
		{7895AAEB-D309-4278-9762-998E4C6E9AEA}.Release|Any CPU.Build.0 = Release|Any CPU
	EndGlobalSection
	GlobalSection(SolutionProperties) = preSolution
		HideSolutionNode = FALSE
	EndGlobalSection
	GlobalSection(ExtensibilityGlobals) = postSolution
		SolutionGuid = {546D5CC8-CC35-4856-B41D-5A02133CF1F1}
	EndGlobalSection
EndGlobal
