
Microsoft Visual Studio Solution File, Format Version 12.00
# Visual Studio Version 16
VisualStudioVersion = 16.0.28527.54
MinimumVisualStudioVersion = 10.0.40219.1
Project("{FAE04EC0-301F-11D3-BF4B-00C04F79EFBC}") = "Problem50", "Problem50\Problem50.csproj", "{C926F258-FE8E-4B3D-8456-9AECD289B778}"
EndProject
Global
	GlobalSection(SolutionConfigurationPlatforms) = preSolution
		Debug|Any CPU = Debug|Any CPU
		Release|Any CPU = Release|Any CPU
	EndGlobalSection
	GlobalSection(ProjectConfigurationPlatforms) = postSolution
		{C926F258-FE8E-4B3D-8456-9AECD289B778}.Debug|Any CPU.ActiveCfg = Debug|Any CPU
		{C926F258-FE8E-4B3D-8456-9AECD289B778}.Debug|Any CPU.Build.0 = Debug|Any CPU
		{C926F258-FE8E-4B3D-8456-9AECD289B778}.Release|Any CPU.ActiveCfg = Release|Any CPU
		{C926F258-FE8E-4B3D-8456-9AECD289B778}.Release|Any CPU.Build.0 = Release|Any CPU
	EndGlobalSection
	GlobalSection(SolutionProperties) = preSolution
		HideSolutionNode = FALSE
	EndGlobalSection
	GlobalSection(ExtensibilityGlobals) = postSolution
		SolutionGuid = {55815B9D-BED7-47E8-8C98-760B9704142E}
	EndGlobalSection
EndGlobal
