
Microsoft Visual Studio Solution File, Format Version 12.00
# Visual Studio Version 16
VisualStudioVersion = 16.0.28407.52
MinimumVisualStudioVersion = 10.0.40219.1
Project("{FAE04EC0-301F-11D3-BF4B-00C04F79EFBC}") = "Problem5", "Problem5\Problem5.csproj", "{9509C8DC-C475-4D81-9AA1-04B7CC70BC5B}"
EndProject
Global
	GlobalSection(SolutionConfigurationPlatforms) = preSolution
		Debug|Any CPU = Debug|Any CPU
		Release|Any CPU = Release|Any CPU
	EndGlobalSection
	GlobalSection(ProjectConfigurationPlatforms) = postSolution
		{9509C8DC-C475-4D81-9AA1-04B7CC70BC5B}.Debug|Any CPU.ActiveCfg = Debug|Any CPU
		{9509C8DC-C475-4D81-9AA1-04B7CC70BC5B}.Debug|Any CPU.Build.0 = Debug|Any CPU
		{9509C8DC-C475-4D81-9AA1-04B7CC70BC5B}.Release|Any CPU.ActiveCfg = Release|Any CPU
		{9509C8DC-C475-4D81-9AA1-04B7CC70BC5B}.Release|Any CPU.Build.0 = Release|Any CPU
	EndGlobalSection
	GlobalSection(SolutionProperties) = preSolution
		HideSolutionNode = FALSE
	EndGlobalSection
	GlobalSection(ExtensibilityGlobals) = postSolution
		SolutionGuid = {8A702830-456F-4F7A-B11D-9A118F85B549}
	EndGlobalSection
EndGlobal
