
Microsoft Visual Studio Solution File, Format Version 12.00
# Visual Studio Version 16
VisualStudioVersion = 16.0.28407.52
MinimumVisualStudioVersion = 10.0.40219.1
Project("{FAE04EC0-301F-11D3-BF4B-00C04F79EFBC}") = "Problem31", "Problem31\Problem31.csproj", "{D78A48FA-55AA-4793-8F77-57E40121FBA2}"
EndProject
Global
	GlobalSection(SolutionConfigurationPlatforms) = preSolution
		Debug|Any CPU = Debug|Any CPU
		Release|Any CPU = Release|Any CPU
	EndGlobalSection
	GlobalSection(ProjectConfigurationPlatforms) = postSolution
		{D78A48FA-55AA-4793-8F77-57E40121FBA2}.Debug|Any CPU.ActiveCfg = Debug|Any CPU
		{D78A48FA-55AA-4793-8F77-57E40121FBA2}.Debug|Any CPU.Build.0 = Debug|Any CPU
		{D78A48FA-55AA-4793-8F77-57E40121FBA2}.Release|Any CPU.ActiveCfg = Release|Any CPU
		{D78A48FA-55AA-4793-8F77-57E40121FBA2}.Release|Any CPU.Build.0 = Release|Any CPU
	EndGlobalSection
	GlobalSection(SolutionProperties) = preSolution
		HideSolutionNode = FALSE
	EndGlobalSection
	GlobalSection(ExtensibilityGlobals) = postSolution
		SolutionGuid = {2BAC884E-1DB2-455F-B109-E7FDE2884E23}
	EndGlobalSection
EndGlobal
