
Microsoft Visual Studio Solution File, Format Version 12.00
# Visual Studio Version 16
VisualStudioVersion = 16.0.28516.95
MinimumVisualStudioVersion = 10.0.40219.1
Project("{FAE04EC0-301F-11D3-BF4B-00C04F79EFBC}") = "Problem38", "Problem38\Problem38.csproj", "{8F11EAE3-BB76-4C31-98D6-40B5F40AA6F3}"
EndProject
Global
	GlobalSection(SolutionConfigurationPlatforms) = preSolution
		Debug|Any CPU = Debug|Any CPU
		Release|Any CPU = Release|Any CPU
	EndGlobalSection
	GlobalSection(ProjectConfigurationPlatforms) = postSolution
		{8F11EAE3-BB76-4C31-98D6-40B5F40AA6F3}.Debug|Any CPU.ActiveCfg = Debug|Any CPU
		{8F11EAE3-BB76-4C31-98D6-40B5F40AA6F3}.Debug|Any CPU.Build.0 = Debug|Any CPU
		{8F11EAE3-BB76-4C31-98D6-40B5F40AA6F3}.Release|Any CPU.ActiveCfg = Release|Any CPU
		{8F11EAE3-BB76-4C31-98D6-40B5F40AA6F3}.Release|Any CPU.Build.0 = Release|Any CPU
	EndGlobalSection
	GlobalSection(SolutionProperties) = preSolution
		HideSolutionNode = FALSE
	EndGlobalSection
	GlobalSection(ExtensibilityGlobals) = postSolution
		SolutionGuid = {453CC892-2568-4F29-B668-C174A979EF6F}
	EndGlobalSection
EndGlobal
