
Microsoft Visual Studio Solution File, Format Version 12.00
# Visual Studio Version 16
VisualStudioVersion = 16.0.28407.52
MinimumVisualStudioVersion = 10.0.40219.1
Project("{FAE04EC0-301F-11D3-BF4B-00C04F79EFBC}") = "Problem3", "Problem3\Problem3.csproj", "{44D84C6F-0961-42FE-97D0-AAD6C740C68A}"
EndProject
Global
	GlobalSection(SolutionConfigurationPlatforms) = preSolution
		Debug|Any CPU = Debug|Any CPU
		Release|Any CPU = Release|Any CPU
	EndGlobalSection
	GlobalSection(ProjectConfigurationPlatforms) = postSolution
		{44D84C6F-0961-42FE-97D0-AAD6C740C68A}.Debug|Any CPU.ActiveCfg = Debug|Any CPU
		{44D84C6F-0961-42FE-97D0-AAD6C740C68A}.Debug|Any CPU.Build.0 = Debug|Any CPU
		{44D84C6F-0961-42FE-97D0-AAD6C740C68A}.Release|Any CPU.ActiveCfg = Release|Any CPU
		{44D84C6F-0961-42FE-97D0-AAD6C740C68A}.Release|Any CPU.Build.0 = Release|Any CPU
	EndGlobalSection
	GlobalSection(SolutionProperties) = preSolution
		HideSolutionNode = FALSE
	EndGlobalSection
	GlobalSection(ExtensibilityGlobals) = postSolution
		SolutionGuid = {BFC4C0E3-AB4E-4AFF-BCC0-8B56C7D6EAA2}
	EndGlobalSection
EndGlobal
