
Microsoft Visual Studio Solution File, Format Version 12.00
# Visual Studio Version 16
VisualStudioVersion = 16.0.28606.126
MinimumVisualStudioVersion = 10.0.40219.1
Project("{FAE04EC0-301F-11D3-BF4B-00C04F79EFBC}") = "Problem58", "Problem58\Problem58.csproj", "{60DB3A59-9EC2-47D4-AD6A-FDE2639EDBF4}"
EndProject
Global
	GlobalSection(SolutionConfigurationPlatforms) = preSolution
		Debug|Any CPU = Debug|Any CPU
		Release|Any CPU = Release|Any CPU
	EndGlobalSection
	GlobalSection(ProjectConfigurationPlatforms) = postSolution
		{60DB3A59-9EC2-47D4-AD6A-FDE2639EDBF4}.Debug|Any CPU.ActiveCfg = Debug|Any CPU
		{60DB3A59-9EC2-47D4-AD6A-FDE2639EDBF4}.Debug|Any CPU.Build.0 = Debug|Any CPU
		{60DB3A59-9EC2-47D4-AD6A-FDE2639EDBF4}.Release|Any CPU.ActiveCfg = Release|Any CPU
		{60DB3A59-9EC2-47D4-AD6A-FDE2639EDBF4}.Release|Any CPU.Build.0 = Release|Any CPU
	EndGlobalSection
	GlobalSection(SolutionProperties) = preSolution
		HideSolutionNode = FALSE
	EndGlobalSection
	GlobalSection(ExtensibilityGlobals) = postSolution
		SolutionGuid = {ABB71B1D-1D04-4604-ADBA-E26C49D9E980}
	EndGlobalSection
EndGlobal
