
Microsoft Visual Studio Solution File, Format Version 12.00
# Visual Studio Version 16
VisualStudioVersion = 16.0.28407.52
MinimumVisualStudioVersion = 10.0.40219.1
Project("{FAE04EC0-301F-11D3-BF4B-00C04F79EFBC}") = "Problem2", "Problem2\Problem2.csproj", "{C56144F3-357C-49AC-B9F3-ACE3D3E04098}"
EndProject
Global
	GlobalSection(SolutionConfigurationPlatforms) = preSolution
		Debug|Any CPU = Debug|Any CPU
		Release|Any CPU = Release|Any CPU
	EndGlobalSection
	GlobalSection(ProjectConfigurationPlatforms) = postSolution
		{C56144F3-357C-49AC-B9F3-ACE3D3E04098}.Debug|Any CPU.ActiveCfg = Debug|Any CPU
		{C56144F3-357C-49AC-B9F3-ACE3D3E04098}.Debug|Any CPU.Build.0 = Debug|Any CPU
		{C56144F3-357C-49AC-B9F3-ACE3D3E04098}.Release|Any CPU.ActiveCfg = Release|Any CPU
		{C56144F3-357C-49AC-B9F3-ACE3D3E04098}.Release|Any CPU.Build.0 = Release|Any CPU
	EndGlobalSection
	GlobalSection(SolutionProperties) = preSolution
		HideSolutionNode = FALSE
	EndGlobalSection
	GlobalSection(ExtensibilityGlobals) = postSolution
		SolutionGuid = {3C9ACD8B-8359-4E0F-9887-4048A95CEAC0}
	EndGlobalSection
EndGlobal
