
Microsoft Visual Studio Solution File, Format Version 12.00
# Visual Studio Version 16
VisualStudioVersion = 16.0.28407.52
MinimumVisualStudioVersion = 10.0.40219.1
Project("{FAE04EC0-301F-11D3-BF4B-00C04F79EFBC}") = "Problem9", "Problem9\Problem9.csproj", "{095EDEA2-BB6D-4522-80B5-CBA2E247DA8E}"
EndProject
Global
	GlobalSection(SolutionConfigurationPlatforms) = preSolution
		Debug|Any CPU = Debug|Any CPU
		Release|Any CPU = Release|Any CPU
	EndGlobalSection
	GlobalSection(ProjectConfigurationPlatforms) = postSolution
		{095EDEA2-BB6D-4522-80B5-CBA2E247DA8E}.Debug|Any CPU.ActiveCfg = Debug|Any CPU
		{095EDEA2-BB6D-4522-80B5-CBA2E247DA8E}.Debug|Any CPU.Build.0 = Debug|Any CPU
		{095EDEA2-BB6D-4522-80B5-CBA2E247DA8E}.Release|Any CPU.ActiveCfg = Release|Any CPU
		{095EDEA2-BB6D-4522-80B5-CBA2E247DA8E}.Release|Any CPU.Build.0 = Release|Any CPU
	EndGlobalSection
	GlobalSection(SolutionProperties) = preSolution
		HideSolutionNode = FALSE
	EndGlobalSection
	GlobalSection(ExtensibilityGlobals) = postSolution
		SolutionGuid = {52F93913-D07A-4D36-B3AF-3195CCD8C250}
	EndGlobalSection
EndGlobal
