
Microsoft Visual Studio Solution File, Format Version 12.00
# Visual Studio 15
VisualStudioVersion = 15.0.28307.271
MinimumVisualStudioVersion = 10.0.40219.1
Project("{FAE04EC0-301F-11D3-BF4B-00C04F79EFBC}") = "Problem21", "Problem21\Problem21.csproj", "{E0456DFC-138E-4783-B5E4-428E5D7C1BA2}"
EndProject
Global
	GlobalSection(SolutionConfigurationPlatforms) = preSolution
		Debug|Any CPU = Debug|Any CPU
		Release|Any CPU = Release|Any CPU
	EndGlobalSection
	GlobalSection(ProjectConfigurationPlatforms) = postSolution
		{E0456DFC-138E-4783-B5E4-428E5D7C1BA2}.Debug|Any CPU.ActiveCfg = Debug|Any CPU
		{E0456DFC-138E-4783-B5E4-428E5D7C1BA2}.Debug|Any CPU.Build.0 = Debug|Any CPU
		{E0456DFC-138E-4783-B5E4-428E5D7C1BA2}.Release|Any CPU.ActiveCfg = Release|Any CPU
		{E0456DFC-138E-4783-B5E4-428E5D7C1BA2}.Release|Any CPU.Build.0 = Release|Any CPU
	EndGlobalSection
	GlobalSection(SolutionProperties) = preSolution
		HideSolutionNode = FALSE
	EndGlobalSection
	GlobalSection(ExtensibilityGlobals) = postSolution
		SolutionGuid = {42FD9129-27F9-41B9-A4CF-3035FF62149C}
	EndGlobalSection
EndGlobal
