
Microsoft Visual Studio Solution File, Format Version 12.00
# Visual Studio Version 16
VisualStudioVersion = 16.0.28516.95
MinimumVisualStudioVersion = 10.0.40219.1
Project("{FAE04EC0-301F-11D3-BF4B-00C04F79EFBC}") = "Problem42", "Problem42\Problem42.csproj", "{D1841DF1-ABA5-40AF-BF18-5A61135A5A3E}"
EndProject
Global
	GlobalSection(SolutionConfigurationPlatforms) = preSolution
		Debug|Any CPU = Debug|Any CPU
		Release|Any CPU = Release|Any CPU
	EndGlobalSection
	GlobalSection(ProjectConfigurationPlatforms) = postSolution
		{D1841DF1-ABA5-40AF-BF18-5A61135A5A3E}.Debug|Any CPU.ActiveCfg = Debug|Any CPU
		{D1841DF1-ABA5-40AF-BF18-5A61135A5A3E}.Debug|Any CPU.Build.0 = Debug|Any CPU
		{D1841DF1-ABA5-40AF-BF18-5A61135A5A3E}.Release|Any CPU.ActiveCfg = Release|Any CPU
		{D1841DF1-ABA5-40AF-BF18-5A61135A5A3E}.Release|Any CPU.Build.0 = Release|Any CPU
	EndGlobalSection
	GlobalSection(SolutionProperties) = preSolution
		HideSolutionNode = FALSE
	EndGlobalSection
	GlobalSection(ExtensibilityGlobals) = postSolution
		SolutionGuid = {05F42C6F-33E7-418E-9ED9-7434A9D6E694}
	EndGlobalSection
EndGlobal
