
Microsoft Visual Studio Solution File, Format Version 12.00
# Visual Studio Version 16
VisualStudioVersion = 16.0.28407.52
MinimumVisualStudioVersion = 10.0.40219.1
Project("{FAE04EC0-301F-11D3-BF4B-00C04F79EFBC}") = "Problem28", "Problem28\Problem28.csproj", "{97894D88-F1E1-4529-8CFC-4B7CE274C812}"
EndProject
Global
	GlobalSection(SolutionConfigurationPlatforms) = preSolution
		Debug|Any CPU = Debug|Any CPU
		Release|Any CPU = Release|Any CPU
	EndGlobalSection
	GlobalSection(ProjectConfigurationPlatforms) = postSolution
		{97894D88-F1E1-4529-8CFC-4B7CE274C812}.Debug|Any CPU.ActiveCfg = Debug|Any CPU
		{97894D88-F1E1-4529-8CFC-4B7CE274C812}.Debug|Any CPU.Build.0 = Debug|Any CPU
		{97894D88-F1E1-4529-8CFC-4B7CE274C812}.Release|Any CPU.ActiveCfg = Release|Any CPU
		{97894D88-F1E1-4529-8CFC-4B7CE274C812}.Release|Any CPU.Build.0 = Release|Any CPU
	EndGlobalSection
	GlobalSection(SolutionProperties) = preSolution
		HideSolutionNode = FALSE
	EndGlobalSection
	GlobalSection(ExtensibilityGlobals) = postSolution
		SolutionGuid = {F242E6D9-80F8-4C8D-BEE9-BF057C9388DE}
	EndGlobalSection
EndGlobal
