
Microsoft Visual Studio Solution File, Format Version 12.00
# Visual Studio Version 16
VisualStudioVersion = 16.0.28516.95
MinimumVisualStudioVersion = 10.0.40219.1
Project("{FAE04EC0-301F-11D3-BF4B-00C04F79EFBC}") = "Problem45", "Problem45\Problem45.csproj", "{D0A7EB17-C283-4197-8935-74EA94E9BE72}"
EndProject
Global
	GlobalSection(SolutionConfigurationPlatforms) = preSolution
		Debug|Any CPU = Debug|Any CPU
		Release|Any CPU = Release|Any CPU
	EndGlobalSection
	GlobalSection(ProjectConfigurationPlatforms) = postSolution
		{D0A7EB17-C283-4197-8935-74EA94E9BE72}.Debug|Any CPU.ActiveCfg = Debug|Any CPU
		{D0A7EB17-C283-4197-8935-74EA94E9BE72}.Debug|Any CPU.Build.0 = Debug|Any CPU
		{D0A7EB17-C283-4197-8935-74EA94E9BE72}.Release|Any CPU.ActiveCfg = Release|Any CPU
		{D0A7EB17-C283-4197-8935-74EA94E9BE72}.Release|Any CPU.Build.0 = Release|Any CPU
	EndGlobalSection
	GlobalSection(SolutionProperties) = preSolution
		HideSolutionNode = FALSE
	EndGlobalSection
	GlobalSection(ExtensibilityGlobals) = postSolution
		SolutionGuid = {8377BB29-522D-4983-A9D6-74E140AA7F65}
	EndGlobalSection
EndGlobal
