
Microsoft Visual Studio Solution File, Format Version 12.00
# Visual Studio Version 16
VisualStudioVersion = 16.0.28531.58
MinimumVisualStudioVersion = 10.0.40219.1
Project("{FAE04EC0-301F-11D3-BF4B-00C04F79EFBC}") = "Problem56", "Problem56\Problem56.csproj", "{774CA0D4-5513-4310-BDEF-2B38358FCDE1}"
EndProject
Global
	GlobalSection(SolutionConfigurationPlatforms) = preSolution
		Debug|Any CPU = Debug|Any CPU
		Release|Any CPU = Release|Any CPU
	EndGlobalSection
	GlobalSection(ProjectConfigurationPlatforms) = postSolution
		{774CA0D4-5513-4310-BDEF-2B38358FCDE1}.Debug|Any CPU.ActiveCfg = Debug|Any CPU
		{774CA0D4-5513-4310-BDEF-2B38358FCDE1}.Debug|Any CPU.Build.0 = Debug|Any CPU
		{774CA0D4-5513-4310-BDEF-2B38358FCDE1}.Release|Any CPU.ActiveCfg = Release|Any CPU
		{774CA0D4-5513-4310-BDEF-2B38358FCDE1}.Release|Any CPU.Build.0 = Release|Any CPU
	EndGlobalSection
	GlobalSection(SolutionProperties) = preSolution
		HideSolutionNode = FALSE
	EndGlobalSection
	GlobalSection(ExtensibilityGlobals) = postSolution
		SolutionGuid = {F4456D16-7C07-4976-89E6-CBE4754D1F5B}
	EndGlobalSection
EndGlobal
