
Microsoft Visual Studio Solution File, Format Version 12.00
# Visual Studio Version 16
VisualStudioVersion = 16.0.28407.52
MinimumVisualStudioVersion = 10.0.40219.1
Project("{FAE04EC0-301F-11D3-BF4B-00C04F79EFBC}") = "Problem12", "Problem12\Problem12.csproj", "{C53311CB-1F66-4EF8-AF63-B649E26430A9}"
EndProject
Project("{FAE04EC0-301F-11D3-BF4B-00C04F79EFBC}") = "Problem12.Tests", "Problem12.Tests\Problem12.Tests.csproj", "{A10A842B-46D3-481E-B2B5-BEA551F0772D}"
EndProject
Global
	GlobalSection(SolutionConfigurationPlatforms) = preSolution
		Debug|Any CPU = Debug|Any CPU
		Release|Any CPU = Release|Any CPU
	EndGlobalSection
	GlobalSection(ProjectConfigurationPlatforms) = postSolution
		{C53311CB-1F66-4EF8-AF63-B649E26430A9}.Debug|Any CPU.ActiveCfg = Debug|Any CPU
		{C53311CB-1F66-4EF8-AF63-B649E26430A9}.Debug|Any CPU.Build.0 = Debug|Any CPU
		{C53311CB-1F66-4EF8-AF63-B649E26430A9}.Release|Any CPU.ActiveCfg = Release|Any CPU
		{C53311CB-1F66-4EF8-AF63-B649E26430A9}.Release|Any CPU.Build.0 = Release|Any CPU
		{A10A842B-46D3-481E-B2B5-BEA551F0772D}.Debug|Any CPU.ActiveCfg = Debug|Any CPU
		{A10A842B-46D3-481E-B2B5-BEA551F0772D}.Debug|Any CPU.Build.0 = Debug|Any CPU
		{A10A842B-46D3-481E-B2B5-BEA551F0772D}.Release|Any CPU.ActiveCfg = Release|Any CPU
		{A10A842B-46D3-481E-B2B5-BEA551F0772D}.Release|Any CPU.Build.0 = Release|Any CPU
	EndGlobalSection
	GlobalSection(SolutionProperties) = preSolution
		HideSolutionNode = FALSE
	EndGlobalSection
	GlobalSection(ExtensibilityGlobals) = postSolution
		SolutionGuid = {FD6D4343-C660-42B6-A023-606A51D2D2BD}
	EndGlobalSection
EndGlobal
