
Microsoft Visual Studio Solution File, Format Version 12.00
# Visual Studio Version 16
VisualStudioVersion = 16.0.28407.52
MinimumVisualStudioVersion = 10.0.40219.1
Project("{FAE04EC0-301F-11D3-BF4B-00C04F79EFBC}") = "Problem37", "Problem37\Problem37.csproj", "{B5AF191B-95EC-4C18-9B72-054613EAFBB2}"
EndProject
Project("{FAE04EC0-301F-11D3-BF4B-00C04F79EFBC}") = "Problem37.Tests", "Problem37.Tests\Problem37.Tests.csproj", "{6990057A-868A-4E4F-AD06-DAA353CD552C}"
EndProject
Global
	GlobalSection(SolutionConfigurationPlatforms) = preSolution
		Debug|Any CPU = Debug|Any CPU
		Release|Any CPU = Release|Any CPU
	EndGlobalSection
	GlobalSection(ProjectConfigurationPlatforms) = postSolution
		{B5AF191B-95EC-4C18-9B72-054613EAFBB2}.Debug|Any CPU.ActiveCfg = Debug|Any CPU
		{B5AF191B-95EC-4C18-9B72-054613EAFBB2}.Debug|Any CPU.Build.0 = Debug|Any CPU
		{B5AF191B-95EC-4C18-9B72-054613EAFBB2}.Release|Any CPU.ActiveCfg = Release|Any CPU
		{B5AF191B-95EC-4C18-9B72-054613EAFBB2}.Release|Any CPU.Build.0 = Release|Any CPU
		{6990057A-868A-4E4F-AD06-DAA353CD552C}.Debug|Any CPU.ActiveCfg = Debug|Any CPU
		{6990057A-868A-4E4F-AD06-DAA353CD552C}.Debug|Any CPU.Build.0 = Debug|Any CPU
		{6990057A-868A-4E4F-AD06-DAA353CD552C}.Release|Any CPU.ActiveCfg = Release|Any CPU
		{6990057A-868A-4E4F-AD06-DAA353CD552C}.Release|Any CPU.Build.0 = Release|Any CPU
	EndGlobalSection
	GlobalSection(SolutionProperties) = preSolution
		HideSolutionNode = FALSE
	EndGlobalSection
	GlobalSection(ExtensibilityGlobals) = postSolution
		SolutionGuid = {2617004A-36CE-457C-8A4E-8169A5DBA64F}
	EndGlobalSection
EndGlobal
