
Microsoft Visual Studio Solution File, Format Version 12.00
# Visual Studio Version 16
VisualStudioVersion = 16.0.28527.54
MinimumVisualStudioVersion = 10.0.40219.1
Project("{FAE04EC0-301F-11D3-BF4B-00C04F79EFBC}") = "Problem48", "Problem48\Problem48.csproj", "{5BCD3EA4-A62D-4302-9CC2-61E19573B556}"
EndProject
Global
	GlobalSection(SolutionConfigurationPlatforms) = preSolution
		Debug|Any CPU = Debug|Any CPU
		Release|Any CPU = Release|Any CPU
	EndGlobalSection
	GlobalSection(ProjectConfigurationPlatforms) = postSolution
		{5BCD3EA4-A62D-4302-9CC2-61E19573B556}.Debug|Any CPU.ActiveCfg = Debug|Any CPU
		{5BCD3EA4-A62D-4302-9CC2-61E19573B556}.Debug|Any CPU.Build.0 = Debug|Any CPU
		{5BCD3EA4-A62D-4302-9CC2-61E19573B556}.Release|Any CPU.ActiveCfg = Release|Any CPU
		{5BCD3EA4-A62D-4302-9CC2-61E19573B556}.Release|Any CPU.Build.0 = Release|Any CPU
	EndGlobalSection
	GlobalSection(SolutionProperties) = preSolution
		HideSolutionNode = FALSE
	EndGlobalSection
	GlobalSection(ExtensibilityGlobals) = postSolution
		SolutionGuid = {A8472BE5-6903-4A22-BDB6-D713CD06E9BC}
	EndGlobalSection
EndGlobal
