
Microsoft Visual Studio Solution File, Format Version 12.00
# Visual Studio Version 16
VisualStudioVersion = 16.0.28407.52
MinimumVisualStudioVersion = 10.0.40219.1
Project("{FAE04EC0-301F-11D3-BF4B-00C04F79EFBC}") = "Problem35", "Problem35\Problem35.csproj", "{BBA79CFC-FFEA-4D34-8536-D9712B1E78CF}"
EndProject
Project("{FAE04EC0-301F-11D3-BF4B-00C04F79EFBC}") = "Problem35.Tests", "Problem35.Tests\Problem35.Tests.csproj", "{B16002F4-7D67-4886-8605-8D899798AA4F}"
EndProject
Global
	GlobalSection(SolutionConfigurationPlatforms) = preSolution
		Debug|Any CPU = Debug|Any CPU
		Release|Any CPU = Release|Any CPU
	EndGlobalSection
	GlobalSection(ProjectConfigurationPlatforms) = postSolution
		{BBA79CFC-FFEA-4D34-8536-D9712B1E78CF}.Debug|Any CPU.ActiveCfg = Debug|Any CPU
		{BBA79CFC-FFEA-4D34-8536-D9712B1E78CF}.Debug|Any CPU.Build.0 = Debug|Any CPU
		{BBA79CFC-FFEA-4D34-8536-D9712B1E78CF}.Release|Any CPU.ActiveCfg = Release|Any CPU
		{BBA79CFC-FFEA-4D34-8536-D9712B1E78CF}.Release|Any CPU.Build.0 = Release|Any CPU
		{B16002F4-7D67-4886-8605-8D899798AA4F}.Debug|Any CPU.ActiveCfg = Debug|Any CPU
		{B16002F4-7D67-4886-8605-8D899798AA4F}.Debug|Any CPU.Build.0 = Debug|Any CPU
		{B16002F4-7D67-4886-8605-8D899798AA4F}.Release|Any CPU.ActiveCfg = Release|Any CPU
		{B16002F4-7D67-4886-8605-8D899798AA4F}.Release|Any CPU.Build.0 = Release|Any CPU
	EndGlobalSection
	GlobalSection(SolutionProperties) = preSolution
		HideSolutionNode = FALSE
	EndGlobalSection
	GlobalSection(ExtensibilityGlobals) = postSolution
		SolutionGuid = {8B6B6FED-F6ED-4397-9B35-09661957CCE0}
	EndGlobalSection
EndGlobal
