
Microsoft Visual Studio Solution File, Format Version 12.00
# Visual Studio Version 16
VisualStudioVersion = 16.0.28606.126
MinimumVisualStudioVersion = 10.0.40219.1
Project("{FAE04EC0-301F-11D3-BF4B-00C04F79EFBC}") = "Problem59", "Problem59\Problem59.csproj", "{019566F0-AFFD-49BC-9D9B-849CEE2AC486}"
EndProject
Global
	GlobalSection(SolutionConfigurationPlatforms) = preSolution
		Debug|Any CPU = Debug|Any CPU
		Release|Any CPU = Release|Any CPU
	EndGlobalSection
	GlobalSection(ProjectConfigurationPlatforms) = postSolution
		{019566F0-AFFD-49BC-9D9B-849CEE2AC486}.Debug|Any CPU.ActiveCfg = Debug|Any CPU
		{019566F0-AFFD-49BC-9D9B-849CEE2AC486}.Debug|Any CPU.Build.0 = Debug|Any CPU
		{019566F0-AFFD-49BC-9D9B-849CEE2AC486}.Release|Any CPU.ActiveCfg = Release|Any CPU
		{019566F0-AFFD-49BC-9D9B-849CEE2AC486}.Release|Any CPU.Build.0 = Release|Any CPU
	EndGlobalSection
	GlobalSection(SolutionProperties) = preSolution
		HideSolutionNode = FALSE
	EndGlobalSection
	GlobalSection(ExtensibilityGlobals) = postSolution
		SolutionGuid = {0CE44944-EA72-47D4-99BE-B91E362A5817}
	EndGlobalSection
EndGlobal
