
Microsoft Visual Studio Solution File, Format Version 12.00
# Visual Studio 15
VisualStudioVersion = 15.0.28307.271
MinimumVisualStudioVersion = 10.0.40219.1
Project("{FAE04EC0-301F-11D3-BF4B-00C04F79EFBC}") = "Problem32", "Problem32\Problem32.csproj", "{32CBF1A8-4D21-4D48-81D4-E18B52B4E58E}"
EndProject
Project("{FAE04EC0-301F-11D3-BF4B-00C04F79EFBC}") = "Problem32.Tests", "Problem32.Tests\Problem32.Tests.csproj", "{47A45923-2CA4-4293-8D1F-381ACB4FD5E2}"
EndProject
Global
	GlobalSection(SolutionConfigurationPlatforms) = preSolution
		Debug|Any CPU = Debug|Any CPU
		Release|Any CPU = Release|Any CPU
	EndGlobalSection
	GlobalSection(ProjectConfigurationPlatforms) = postSolution
		{32CBF1A8-4D21-4D48-81D4-E18B52B4E58E}.Debug|Any CPU.ActiveCfg = Debug|Any CPU
		{32CBF1A8-4D21-4D48-81D4-E18B52B4E58E}.Debug|Any CPU.Build.0 = Debug|Any CPU
		{32CBF1A8-4D21-4D48-81D4-E18B52B4E58E}.Release|Any CPU.ActiveCfg = Release|Any CPU
		{32CBF1A8-4D21-4D48-81D4-E18B52B4E58E}.Release|Any CPU.Build.0 = Release|Any CPU
		{47A45923-2CA4-4293-8D1F-381ACB4FD5E2}.Debug|Any CPU.ActiveCfg = Debug|Any CPU
		{47A45923-2CA4-4293-8D1F-381ACB4FD5E2}.Debug|Any CPU.Build.0 = Debug|Any CPU
		{47A45923-2CA4-4293-8D1F-381ACB4FD5E2}.Release|Any CPU.ActiveCfg = Release|Any CPU
		{47A45923-2CA4-4293-8D1F-381ACB4FD5E2}.Release|Any CPU.Build.0 = Release|Any CPU
	EndGlobalSection
	GlobalSection(SolutionProperties) = preSolution
		HideSolutionNode = FALSE
	EndGlobalSection
	GlobalSection(ExtensibilityGlobals) = postSolution
		SolutionGuid = {1B700536-98BB-4EE6-B15A-04B146C86DB7}
	EndGlobalSection
EndGlobal
