
Microsoft Visual Studio Solution File, Format Version 12.00
# Visual Studio Version 16
VisualStudioVersion = 16.0.28527.54
MinimumVisualStudioVersion = 10.0.40219.1
Project("{FAE04EC0-301F-11D3-BF4B-00C04F79EFBC}") = "Problem49", "Problem49\Problem49.csproj", "{1E0B890F-DFC1-45EB-9EAD-D1EE6335E5DE}"
EndProject
Global
	GlobalSection(SolutionConfigurationPlatforms) = preSolution
		Debug|Any CPU = Debug|Any CPU
		Release|Any CPU = Release|Any CPU
	EndGlobalSection
	GlobalSection(ProjectConfigurationPlatforms) = postSolution
		{1E0B890F-DFC1-45EB-9EAD-D1EE6335E5DE}.Debug|Any CPU.ActiveCfg = Debug|Any CPU
		{1E0B890F-DFC1-45EB-9EAD-D1EE6335E5DE}.Debug|Any CPU.Build.0 = Debug|Any CPU
		{1E0B890F-DFC1-45EB-9EAD-D1EE6335E5DE}.Release|Any CPU.ActiveCfg = Release|Any CPU
		{1E0B890F-DFC1-45EB-9EAD-D1EE6335E5DE}.Release|Any CPU.Build.0 = Release|Any CPU
	EndGlobalSection
	GlobalSection(SolutionProperties) = preSolution
		HideSolutionNode = FALSE
	EndGlobalSection
	GlobalSection(ExtensibilityGlobals) = postSolution
		SolutionGuid = {B32F161A-DDB2-418E-9339-87008E5D3726}
	EndGlobalSection
EndGlobal
